
Microsoft Visual Studio Solution File, Format Version 12.00
# Visual Studio Version 17
VisualStudioVersion = 17.4.33213.308
MinimumVisualStudioVersion = 10.0.40219.1
Project("{9A19103F-16F7-4668-BE54-9A1E7A4F7556}") = "XREngine.Editor", "XREngine.Editor\XREngine.Editor.csproj", "{971F50A9-6E48-4524-8321-0DE58ABF45F0}"
EndProject
Project("{9A19103F-16F7-4668-BE54-9A1E7A4F7556}") = "XREngine.Extensions", "XREngine.Extensions\XREngine.Extensions.csproj", "{3334FAD6-A39F-4E1A-905F-7828761E7EC8}"
EndProject
Project("{9A19103F-16F7-4668-BE54-9A1E7A4F7556}") = "XREngine", "XREngine\XREngine.csproj", "{EB756E52-9DB0-44C9-9891-9B3C1656F03B}"
EndProject
Project("{9A19103F-16F7-4668-BE54-9A1E7A4F7556}") = "XREngine.Data", "XREngine.Data\XREngine.Data.csproj", "{3984224C-BC42-4C45-9413-FA68B9B64212}"
EndProject
Project("{9A19103F-16F7-4668-BE54-9A1E7A4F7556}") = "XREngine.Modeling", "XREngine.Modeling\XREngine.Modeling.csproj", "{213276C8-DB01-478E-B6CE-6AB0C4C97CCB}"
EndProject
Project("{9A19103F-16F7-4668-BE54-9A1E7A4F7556}") = "XREngine.Audio", "XREngine.Audio\XREngine.Audio.csproj", "{876F803E-DD9E-481B-B0D6-6C4E3BE8188F}"
EndProject
Project("{9A19103F-16F7-4668-BE54-9A1E7A4F7556}") = "XREngine.Input", "XREngine.Input\XREngine.Input.csproj", "{9CFBCE2F-5C63-4BD8-9026-12966808CABB}"
EndProject
Project("{9A19103F-16F7-4668-BE54-9A1E7A4F7556}") = "XREngine.Server", "XREngine.Server\XREngine.Server.csproj", "{CF6C19D9-90EC-40A0-B10D-04078FF908C6}"
EndProject
Project("{9A19103F-16F7-4668-BE54-9A1E7A4F7556}") = "XREngine.Animation", "XREngine.Animation\XREngine.Animation.csproj", "{4C68FA01-E656-4760-9C3B-5AA78D7D916E}"
EndProject
Project("{9A19103F-16F7-4668-BE54-9A1E7A4F7556}") = "XREngine.VRClient", "XREngine.VRClient\XREngine.VRClient.csproj", "{F44A248A-266B-4FB3-94A4-F7FAB53DBF65}"
EndProject
Project("{FAE04EC0-301F-11D3-BF4B-00C04F79EFBC}") = "XREngine.UnitTests", "XREngine.UnitTests\XREngine.UnitTests.csproj", "{5414FE97-4E52-4D61-8B17-381F00244B0D}"
EndProject
Project("{FAE04EC0-301F-11D3-BF4B-00C04F79EFBC}") = "XREngine.Profiler", "XREngine.Profiler\XREngine.Profiler.csproj", "{CCF6CDC9-E56E-49EE-8BA5-C800B3F01BAF}"
EndProject
Project("{FAE04EC0-301F-11D3-BF4B-00C04F79EFBC}") = "XREngine.Profiler.UI", "XREngine.Profiler.UI\XREngine.Profiler.UI.csproj", "{775270A7-8636-477C-9155-7C6E01792A02}"
EndProject
Project("{FAE04EC0-301F-11D3-BF4B-00C04F79EFBC}") = "VR_MonkeyBall_Sample", "VR_MonkeyBall_Sample\VR_MonkeyBall_Sample.csproj", "{AFD6FE91-52A4-46E5-A994-81EEBEEF59D8}"
EndProject
Global
	GlobalSection(SolutionConfigurationPlatforms) = preSolution
		Debug|Any CPU = Debug|Any CPU
		Debug|x64 = Debug|x64
		Debug|x86 = Debug|x86
		Release|Any CPU = Release|Any CPU
		Release|x64 = Release|x64
		Release|x86 = Release|x86
	EndGlobalSection
	GlobalSection(ProjectConfigurationPlatforms) = postSolution
		{971F50A9-6E48-4524-8321-0DE58ABF45F0}.Debug|Any CPU.ActiveCfg = Debug|Any CPU
		{971F50A9-6E48-4524-8321-0DE58ABF45F0}.Debug|Any CPU.Build.0 = Debug|Any CPU
		{971F50A9-6E48-4524-8321-0DE58ABF45F0}.Debug|x64.ActiveCfg = Debug|x64
		{971F50A9-6E48-4524-8321-0DE58ABF45F0}.Debug|x64.Build.0 = Debug|x64
		{971F50A9-6E48-4524-8321-0DE58ABF45F0}.Debug|x86.ActiveCfg = Debug|Any CPU
		{971F50A9-6E48-4524-8321-0DE58ABF45F0}.Debug|x86.Build.0 = Debug|Any CPU
		{971F50A9-6E48-4524-8321-0DE58ABF45F0}.Release|Any CPU.ActiveCfg = Release|Any CPU
		{971F50A9-6E48-4524-8321-0DE58ABF45F0}.Release|Any CPU.Build.0 = Release|Any CPU
		{971F50A9-6E48-4524-8321-0DE58ABF45F0}.Release|x64.ActiveCfg = Release|x64
		{971F50A9-6E48-4524-8321-0DE58ABF45F0}.Release|x64.Build.0 = Release|x64
		{971F50A9-6E48-4524-8321-0DE58ABF45F0}.Release|x86.ActiveCfg = Release|Any CPU
		{971F50A9-6E48-4524-8321-0DE58ABF45F0}.Release|x86.Build.0 = Release|Any CPU
		{3334FAD6-A39F-4E1A-905F-7828761E7EC8}.Debug|Any CPU.ActiveCfg = Debug|Any CPU
		{3334FAD6-A39F-4E1A-905F-7828761E7EC8}.Debug|Any CPU.Build.0 = Debug|Any CPU
		{3334FAD6-A39F-4E1A-905F-7828761E7EC8}.Debug|x64.ActiveCfg = Debug|x64
		{3334FAD6-A39F-4E1A-905F-7828761E7EC8}.Debug|x64.Build.0 = Debug|x64
		{3334FAD6-A39F-4E1A-905F-7828761E7EC8}.Debug|x86.ActiveCfg = Debug|Any CPU
		{3334FAD6-A39F-4E1A-905F-7828761E7EC8}.Debug|x86.Build.0 = Debug|Any CPU
		{3334FAD6-A39F-4E1A-905F-7828761E7EC8}.Release|Any CPU.ActiveCfg = Release|Any CPU
		{3334FAD6-A39F-4E1A-905F-7828761E7EC8}.Release|Any CPU.Build.0 = Release|Any CPU
		{3334FAD6-A39F-4E1A-905F-7828761E7EC8}.Release|x64.ActiveCfg = Release|x64
		{3334FAD6-A39F-4E1A-905F-7828761E7EC8}.Release|x64.Build.0 = Release|x64
		{3334FAD6-A39F-4E1A-905F-7828761E7EC8}.Release|x86.ActiveCfg = Release|Any CPU
		{3334FAD6-A39F-4E1A-905F-7828761E7EC8}.Release|x86.Build.0 = Release|Any CPU
		{EB756E52-9DB0-44C9-9891-9B3C1656F03B}.Debug|Any CPU.ActiveCfg = Debug|Any CPU
		{EB756E52-9DB0-44C9-9891-9B3C1656F03B}.Debug|Any CPU.Build.0 = Debug|Any CPU
		{EB756E52-9DB0-44C9-9891-9B3C1656F03B}.Debug|x64.ActiveCfg = Debug|x64
		{EB756E52-9DB0-44C9-9891-9B3C1656F03B}.Debug|x64.Build.0 = Debug|x64
		{EB756E52-9DB0-44C9-9891-9B3C1656F03B}.Debug|x86.ActiveCfg = Debug|Any CPU
		{EB756E52-9DB0-44C9-9891-9B3C1656F03B}.Debug|x86.Build.0 = Debug|Any CPU
		{EB756E52-9DB0-44C9-9891-9B3C1656F03B}.Release|Any CPU.ActiveCfg = Release|Any CPU
		{EB756E52-9DB0-44C9-9891-9B3C1656F03B}.Release|Any CPU.Build.0 = Release|Any CPU
		{EB756E52-9DB0-44C9-9891-9B3C1656F03B}.Release|x64.ActiveCfg = Release|x64
		{EB756E52-9DB0-44C9-9891-9B3C1656F03B}.Release|x64.Build.0 = Release|x64
		{EB756E52-9DB0-44C9-9891-9B3C1656F03B}.Release|x86.ActiveCfg = Release|Any CPU
		{EB756E52-9DB0-44C9-9891-9B3C1656F03B}.Release|x86.Build.0 = Release|Any CPU
		{3984224C-BC42-4C45-9413-FA68B9B64212}.Debug|Any CPU.ActiveCfg = Debug|Any CPU
		{3984224C-BC42-4C45-9413-FA68B9B64212}.Debug|Any CPU.Build.0 = Debug|Any CPU
		{3984224C-BC42-4C45-9413-FA68B9B64212}.Debug|x64.ActiveCfg = Debug|x64
		{3984224C-BC42-4C45-9413-FA68B9B64212}.Debug|x64.Build.0 = Debug|x64
		{3984224C-BC42-4C45-9413-FA68B9B64212}.Debug|x86.ActiveCfg = Debug|Any CPU
		{3984224C-BC42-4C45-9413-FA68B9B64212}.Debug|x86.Build.0 = Debug|Any CPU
		{3984224C-BC42-4C45-9413-FA68B9B64212}.Release|Any CPU.ActiveCfg = Release|Any CPU
		{3984224C-BC42-4C45-9413-FA68B9B64212}.Release|Any CPU.Build.0 = Release|Any CPU
		{3984224C-BC42-4C45-9413-FA68B9B64212}.Release|x64.ActiveCfg = Release|x64
		{3984224C-BC42-4C45-9413-FA68B9B64212}.Release|x64.Build.0 = Release|x64
		{3984224C-BC42-4C45-9413-FA68B9B64212}.Release|x86.ActiveCfg = Release|Any CPU
		{3984224C-BC42-4C45-9413-FA68B9B64212}.Release|x86.Build.0 = Release|Any CPU
		{213276C8-DB01-478E-B6CE-6AB0C4C97CCB}.Debug|Any CPU.ActiveCfg = Debug|Any CPU
		{213276C8-DB01-478E-B6CE-6AB0C4C97CCB}.Debug|Any CPU.Build.0 = Debug|Any CPU
		{213276C8-DB01-478E-B6CE-6AB0C4C97CCB}.Debug|x64.ActiveCfg = Debug|x64
		{213276C8-DB01-478E-B6CE-6AB0C4C97CCB}.Debug|x64.Build.0 = Debug|x64
		{213276C8-DB01-478E-B6CE-6AB0C4C97CCB}.Debug|x86.ActiveCfg = Debug|Any CPU
		{213276C8-DB01-478E-B6CE-6AB0C4C97CCB}.Debug|x86.Build.0 = Debug|Any CPU
		{213276C8-DB01-478E-B6CE-6AB0C4C97CCB}.Release|Any CPU.ActiveCfg = Release|Any CPU
		{213276C8-DB01-478E-B6CE-6AB0C4C97CCB}.Release|Any CPU.Build.0 = Release|Any CPU
		{213276C8-DB01-478E-B6CE-6AB0C4C97CCB}.Release|x64.ActiveCfg = Release|x64
		{213276C8-DB01-478E-B6CE-6AB0C4C97CCB}.Release|x64.Build.0 = Release|x64
		{213276C8-DB01-478E-B6CE-6AB0C4C97CCB}.Release|x86.ActiveCfg = Release|Any CPU
		{213276C8-DB01-478E-B6CE-6AB0C4C97CCB}.Release|x86.Build.0 = Release|Any CPU
		{876F803E-DD9E-481B-B0D6-6C4E3BE8188F}.Debug|Any CPU.ActiveCfg = Debug|Any CPU
		{876F803E-DD9E-481B-B0D6-6C4E3BE8188F}.Debug|Any CPU.Build.0 = Debug|Any CPU
		{876F803E-DD9E-481B-B0D6-6C4E3BE8188F}.Debug|x64.ActiveCfg = Debug|x64
		{876F803E-DD9E-481B-B0D6-6C4E3BE8188F}.Debug|x64.Build.0 = Debug|x64
		{876F803E-DD9E-481B-B0D6-6C4E3BE8188F}.Debug|x86.ActiveCfg = Debug|Any CPU
		{876F803E-DD9E-481B-B0D6-6C4E3BE8188F}.Debug|x86.Build.0 = Debug|Any CPU
		{876F803E-DD9E-481B-B0D6-6C4E3BE8188F}.Release|Any CPU.ActiveCfg = Release|Any CPU
		{876F803E-DD9E-481B-B0D6-6C4E3BE8188F}.Release|Any CPU.Build.0 = Release|Any CPU
		{876F803E-DD9E-481B-B0D6-6C4E3BE8188F}.Release|x64.ActiveCfg = Release|x64
		{876F803E-DD9E-481B-B0D6-6C4E3BE8188F}.Release|x64.Build.0 = Release|x64
		{876F803E-DD9E-481B-B0D6-6C4E3BE8188F}.Release|x86.ActiveCfg = Release|Any CPU
		{876F803E-DD9E-481B-B0D6-6C4E3BE8188F}.Release|x86.Build.0 = Release|Any CPU
		{9CFBCE2F-5C63-4BD8-9026-12966808CABB}.Debug|Any CPU.ActiveCfg = Debug|Any CPU
		{9CFBCE2F-5C63-4BD8-9026-12966808CABB}.Debug|Any CPU.Build.0 = Debug|Any CPU
		{9CFBCE2F-5C63-4BD8-9026-12966808CABB}.Debug|x64.ActiveCfg = Debug|x64
		{9CFBCE2F-5C63-4BD8-9026-12966808CABB}.Debug|x64.Build.0 = Debug|x64
		{9CFBCE2F-5C63-4BD8-9026-12966808CABB}.Debug|x86.ActiveCfg = Debug|Any CPU
		{9CFBCE2F-5C63-4BD8-9026-12966808CABB}.Debug|x86.Build.0 = Debug|Any CPU
		{9CFBCE2F-5C63-4BD8-9026-12966808CABB}.Release|Any CPU.ActiveCfg = Release|Any CPU
		{9CFBCE2F-5C63-4BD8-9026-12966808CABB}.Release|Any CPU.Build.0 = Release|Any CPU
		{9CFBCE2F-5C63-4BD8-9026-12966808CABB}.Release|x64.ActiveCfg = Release|x64
		{9CFBCE2F-5C63-4BD8-9026-12966808CABB}.Release|x64.Build.0 = Release|x64
		{9CFBCE2F-5C63-4BD8-9026-12966808CABB}.Release|x86.ActiveCfg = Release|Any CPU
		{9CFBCE2F-5C63-4BD8-9026-12966808CABB}.Release|x86.Build.0 = Release|Any CPU
		{CF6C19D9-90EC-40A0-B10D-04078FF908C6}.Debug|Any CPU.ActiveCfg = Debug|Any CPU
		{CF6C19D9-90EC-40A0-B10D-04078FF908C6}.Debug|Any CPU.Build.0 = Debug|Any CPU
		{CF6C19D9-90EC-40A0-B10D-04078FF908C6}.Debug|x64.ActiveCfg = Debug|x64
		{CF6C19D9-90EC-40A0-B10D-04078FF908C6}.Debug|x64.Build.0 = Debug|x64
		{CF6C19D9-90EC-40A0-B10D-04078FF908C6}.Debug|x86.ActiveCfg = Debug|Any CPU
		{CF6C19D9-90EC-40A0-B10D-04078FF908C6}.Debug|x86.Build.0 = Debug|Any CPU
		{CF6C19D9-90EC-40A0-B10D-04078FF908C6}.Release|Any CPU.ActiveCfg = Release|Any CPU
		{CF6C19D9-90EC-40A0-B10D-04078FF908C6}.Release|Any CPU.Build.0 = Release|Any CPU
		{CF6C19D9-90EC-40A0-B10D-04078FF908C6}.Release|x64.ActiveCfg = Release|x64
		{CF6C19D9-90EC-40A0-B10D-04078FF908C6}.Release|x64.Build.0 = Release|x64
		{CF6C19D9-90EC-40A0-B10D-04078FF908C6}.Release|x86.ActiveCfg = Release|Any CPU
		{CF6C19D9-90EC-40A0-B10D-04078FF908C6}.Release|x86.Build.0 = Release|Any CPU
		{4C68FA01-E656-4760-9C3B-5AA78D7D916E}.Debug|Any CPU.ActiveCfg = Debug|Any CPU
		{4C68FA01-E656-4760-9C3B-5AA78D7D916E}.Debug|Any CPU.Build.0 = Debug|Any CPU
		{4C68FA01-E656-4760-9C3B-5AA78D7D916E}.Debug|x64.ActiveCfg = Debug|x64
		{4C68FA01-E656-4760-9C3B-5AA78D7D916E}.Debug|x64.Build.0 = Debug|x64
		{4C68FA01-E656-4760-9C3B-5AA78D7D916E}.Debug|x86.ActiveCfg = Debug|Any CPU
		{4C68FA01-E656-4760-9C3B-5AA78D7D916E}.Debug|x86.Build.0 = Debug|Any CPU
		{4C68FA01-E656-4760-9C3B-5AA78D7D916E}.Release|Any CPU.ActiveCfg = Release|Any CPU
		{4C68FA01-E656-4760-9C3B-5AA78D7D916E}.Release|Any CPU.Build.0 = Release|Any CPU
		{4C68FA01-E656-4760-9C3B-5AA78D7D916E}.Release|x64.ActiveCfg = Release|x64
		{4C68FA01-E656-4760-9C3B-5AA78D7D916E}.Release|x64.Build.0 = Release|x64
		{4C68FA01-E656-4760-9C3B-5AA78D7D916E}.Release|x86.ActiveCfg = Release|Any CPU
		{4C68FA01-E656-4760-9C3B-5AA78D7D916E}.Release|x86.Build.0 = Release|Any CPU
		{F44A248A-266B-4FB3-94A4-F7FAB53DBF65}.Debug|Any CPU.ActiveCfg = Debug|Any CPU
		{F44A248A-266B-4FB3-94A4-F7FAB53DBF65}.Debug|Any CPU.Build.0 = Debug|Any CPU
		{F44A248A-266B-4FB3-94A4-F7FAB53DBF65}.Debug|x64.ActiveCfg = Debug|Any CPU
		{F44A248A-266B-4FB3-94A4-F7FAB53DBF65}.Debug|x64.Build.0 = Debug|Any CPU
		{F44A248A-266B-4FB3-94A4-F7FAB53DBF65}.Debug|x86.ActiveCfg = Debug|Any CPU
		{F44A248A-266B-4FB3-94A4-F7FAB53DBF65}.Debug|x86.Build.0 = Debug|Any CPU
		{F44A248A-266B-4FB3-94A4-F7FAB53DBF65}.Release|Any CPU.ActiveCfg = Release|Any CPU
		{F44A248A-266B-4FB3-94A4-F7FAB53DBF65}.Release|Any CPU.Build.0 = Release|Any CPU
		{F44A248A-266B-4FB3-94A4-F7FAB53DBF65}.Release|x64.ActiveCfg = Release|Any CPU
		{F44A248A-266B-4FB3-94A4-F7FAB53DBF65}.Release|x64.Build.0 = Release|Any CPU
		{F44A248A-266B-4FB3-94A4-F7FAB53DBF65}.Release|x86.ActiveCfg = Release|Any CPU
		{F44A248A-266B-4FB3-94A4-F7FAB53DBF65}.Release|x86.Build.0 = Release|Any CPU
		{5414FE97-4E52-4D61-8B17-381F00244B0D}.Debug|Any CPU.ActiveCfg = Debug|Any CPU
		{5414FE97-4E52-4D61-8B17-381F00244B0D}.Debug|Any CPU.Build.0 = Debug|Any CPU
		{5414FE97-4E52-4D61-8B17-381F00244B0D}.Debug|x64.ActiveCfg = Debug|Any CPU
		{5414FE97-4E52-4D61-8B17-381F00244B0D}.Debug|x64.Build.0 = Debug|Any CPU
		{5414FE97-4E52-4D61-8B17-381F00244B0D}.Debug|x86.ActiveCfg = Debug|Any CPU
		{5414FE97-4E52-4D61-8B17-381F00244B0D}.Debug|x86.Build.0 = Debug|Any CPU
		{5414FE97-4E52-4D61-8B17-381F00244B0D}.Release|Any CPU.ActiveCfg = Release|Any CPU
		{5414FE97-4E52-4D61-8B17-381F00244B0D}.Release|Any CPU.Build.0 = Release|Any CPU
		{5414FE97-4E52-4D61-8B17-381F00244B0D}.Release|x64.ActiveCfg = Release|Any CPU
		{5414FE97-4E52-4D61-8B17-381F00244B0D}.Release|x64.Build.0 = Release|Any CPU
		{5414FE97-4E52-4D61-8B17-381F00244B0D}.Release|x86.ActiveCfg = Release|Any CPU
		{5414FE97-4E52-4D61-8B17-381F00244B0D}.Release|x86.Build.0 = Release|Any CPU
		{CCF6CDC9-E56E-49EE-8BA5-C800B3F01BAF}.Debug|Any CPU.ActiveCfg = Debug|Any CPU
		{CCF6CDC9-E56E-49EE-8BA5-C800B3F01BAF}.Debug|Any CPU.Build.0 = Debug|Any CPU
		{CCF6CDC9-E56E-49EE-8BA5-C800B3F01BAF}.Debug|x64.ActiveCfg = Debug|x64
		{CCF6CDC9-E56E-49EE-8BA5-C800B3F01BAF}.Debug|x64.Build.0 = Debug|x64
		{CCF6CDC9-E56E-49EE-8BA5-C800B3F01BAF}.Debug|x86.ActiveCfg = Debug|Any CPU
		{CCF6CDC9-E56E-49EE-8BA5-C800B3F01BAF}.Debug|x86.Build.0 = Debug|Any CPU
		{CCF6CDC9-E56E-49EE-8BA5-C800B3F01BAF}.Release|Any CPU.ActiveCfg = Release|Any CPU
		{CCF6CDC9-E56E-49EE-8BA5-C800B3F01BAF}.Release|Any CPU.Build.0 = Release|Any CPU
		{CCF6CDC9-E56E-49EE-8BA5-C800B3F01BAF}.Release|x64.ActiveCfg = Release|x64
		{CCF6CDC9-E56E-49EE-8BA5-C800B3F01BAF}.Release|x64.Build.0 = Release|x64
		{CCF6CDC9-E56E-49EE-8BA5-C800B3F01BAF}.Release|x86.ActiveCfg = Release|Any CPU
		{CCF6CDC9-E56E-49EE-8BA5-C800B3F01BAF}.Release|x86.Build.0 = Release|Any CPU
		{775270A7-8636-477C-9155-7C6E01792A02}.Debug|Any CPU.ActiveCfg = Debug|Any CPU
		{775270A7-8636-477C-9155-7C6E01792A02}.Debug|Any CPU.Build.0 = Debug|Any CPU
		{775270A7-8636-477C-9155-7C6E01792A02}.Debug|x64.ActiveCfg = Debug|x64
		{775270A7-8636-477C-9155-7C6E01792A02}.Debug|x64.Build.0 = Debug|x64
		{775270A7-8636-477C-9155-7C6E01792A02}.Debug|x86.ActiveCfg = Debug|Any CPU
		{775270A7-8636-477C-9155-7C6E01792A02}.Debug|x86.Build.0 = Debug|Any CPU
		{775270A7-8636-477C-9155-7C6E01792A02}.Release|Any CPU.ActiveCfg = Release|Any CPU
		{775270A7-8636-477C-9155-7C6E01792A02}.Release|Any CPU.Build.0 = Release|Any CPU
		{775270A7-8636-477C-9155-7C6E01792A02}.Release|x64.ActiveCfg = Release|x64
		{775270A7-8636-477C-9155-7C6E01792A02}.Release|x64.Build.0 = Release|x64
		{775270A7-8636-477C-9155-7C6E01792A02}.Release|x86.ActiveCfg = Release|Any CPU
		{775270A7-8636-477C-9155-7C6E01792A02}.Release|x86.Build.0 = Release|Any CPU
		{AFD6FE91-52A4-46E5-A994-81EEBEEF59D8}.Debug|Any CPU.ActiveCfg = Debug|Any CPU
		{AFD6FE91-52A4-46E5-A994-81EEBEEF59D8}.Debug|Any CPU.Build.0 = Debug|Any CPU
		{AFD6FE91-52A4-46E5-A994-81EEBEEF59D8}.Debug|x64.ActiveCfg = Debug|Any CPU
		{AFD6FE91-52A4-46E5-A994-81EEBEEF59D8}.Debug|x64.Build.0 = Debug|Any CPU
		{AFD6FE91-52A4-46E5-A994-81EEBEEF59D8}.Debug|x86.ActiveCfg = Debug|Any CPU
		{AFD6FE91-52A4-46E5-A994-81EEBEEF59D8}.Debug|x86.Build.0 = Debug|Any CPU
		{AFD6FE91-52A4-46E5-A994-81EEBEEF59D8}.Release|Any CPU.ActiveCfg = Release|Any CPU
		{AFD6FE91-52A4-46E5-A994-81EEBEEF59D8}.Release|Any CPU.Build.0 = Release|Any CPU
		{AFD6FE91-52A4-46E5-A994-81EEBEEF59D8}.Release|x64.ActiveCfg = Release|Any CPU
		{AFD6FE91-52A4-46E5-A994-81EEBEEF59D8}.Release|x64.Build.0 = Release|Any CPU
		{AFD6FE91-52A4-46E5-A994-81EEBEEF59D8}.Release|x86.ActiveCfg = Release|Any CPU
		{AFD6FE91-52A4-46E5-A994-81EEBEEF59D8}.Release|x86.Build.0 = Release|Any CPU
	EndGlobalSection
	GlobalSection(SolutionProperties) = preSolution
		HideSolutionNode = FALSE
	EndGlobalSection
	GlobalSection(ExtensibilityGlobals) = postSolution
		SolutionGuid = {76057CAA-1A90-4CC8-AC67-34AA795CDAB1}
	EndGlobalSection
EndGlobal
