
Microsoft Visual Studio Solution File, Format Version 12.00
# Visual Studio Version 17
VisualStudioVersion = 17.0.31903.59
MinimumVisualStudioVersion = 10.0.40219.1
Project("{FAE04EC0-301F-11D3-BF4B-00C04F79EFBC}") = "XREngine.Animation", "XREngine.Animation\XREngine.Animation.csproj", "{CD4131DC-4664-4FDE-9072-22AAD258FA75}"
EndProject
Project("{FAE04EC0-301F-11D3-BF4B-00C04F79EFBC}") = "XREngine.Data", "XREngine.Data\XREngine.Data.csproj", "{A6193E64-6301-4D02-A698-0E24BBFA2DB0}"
EndProject
Project("{FAE04EC0-301F-11D3-BF4B-00C04F79EFBC}") = "XREngine.Extensions", "XREngine.Extensions\XREngine.Extensions.csproj", "{F6ACDC1F-6205-403F-B9B6-0B92D05FD4D9}"
EndProject
Project("{FAE04EC0-301F-11D3-BF4B-00C04F79EFBC}") = "XREngine.Audio", "XREngine.Audio\XREngine.Audio.csproj", "{2E6F915D-1F2D-4F96-9D47-30D328E91CBD}"
EndProject
Project("{FAE04EC0-301F-11D3-BF4B-00C04F79EFBC}") = "XREngine.Editor", "XREngine.Editor\XREngine.Editor.csproj", "{E3341B59-A5B2-4860-8BD5-D980DBB34DA9}"
EndProject
Project("{FAE04EC0-301F-11D3-BF4B-00C04F79EFBC}") = "XREngine.Modeling", "XREngine.Modeling\XREngine.Modeling.csproj", "{D93D15D4-CB73-483C-BC24-4DCA47C6FC43}"
EndProject
Project("{FAE04EC0-301F-11D3-BF4B-00C04F79EFBC}") = "XREngine.Profiler.UI", "XREngine.Profiler.UI\XREngine.Profiler.UI.csproj", "{665071EB-19AC-4BA0-B956-2BF529874184}"
EndProject
Project("{FAE04EC0-301F-11D3-BF4B-00C04F79EFBC}") = "XREngine", "XREngine\XREngine.csproj", "{D9F886FB-0984-4540-BA50-2A28BEFE809E}"
EndProject
Project("{FAE04EC0-301F-11D3-BF4B-00C04F79EFBC}") = "XREngine.Input", "XREngine.Input\XREngine.Input.csproj", "{2BD866B7-7004-4E4F-9E20-96B132813419}"
EndProject
Project("{FAE04EC0-301F-11D3-BF4B-00C04F79EFBC}") = "XREngine.Profiler", "XREngine.Profiler\XREngine.Profiler.csproj", "{7D1A2D12-BBB2-43E1-9DB8-FFCAB763C13E}"
EndProject
Project("{FAE04EC0-301F-11D3-BF4B-00C04F79EFBC}") = "XREngine.Runtime.Bootstrap", "XREngine.Runtime.Bootstrap\XREngine.Runtime.Bootstrap.csproj", "{96D943D0-13DE-4284-9C92-542C914773A9}"
EndProject
Project("{2150E333-8FDC-42A3-9474-1A3956D46DE8}") = "XRENGINE", "XRENGINE", "{7AF8DD51-95ED-93B9-6BD7-02D59DC972DE}"
EndProject
Project("{FAE04EC0-301F-11D3-BF4B-00C04F79EFBC}") = "XREngine.Server", "XREngine.Server\XREngine.Server.csproj", "{9C37987C-3CC5-4816-B77F-4DD7217C7901}"
EndProject
Project("{FAE04EC0-301F-11D3-BF4B-00C04F79EFBC}") = "XREngine.UnitTests", "XREngine.UnitTests\XREngine.UnitTests.csproj", "{6FA8E62C-3F10-4A58-9FCB-D2E91F399553}"
EndProject
Project("{FAE04EC0-301F-11D3-BF4B-00C04F79EFBC}") = "XREngine.VRClient", "XREngine.VRClient\XREngine.VRClient.csproj", "{C863A3D9-8F96-4FE8-AD1F-5EB23D359949}"
EndProject
Global
	GlobalSection(SolutionConfigurationPlatforms) = preSolution
		Debug|Any CPU = Debug|Any CPU
		Debug|x64 = Debug|x64
		Debug|x86 = Debug|x86
		Release|Any CPU = Release|Any CPU
		Release|x64 = Release|x64
		Release|x86 = Release|x86
	EndGlobalSection
	GlobalSection(ProjectConfigurationPlatforms) = postSolution
		{CD4131DC-4664-4FDE-9072-22AAD258FA75}.Debug|Any CPU.ActiveCfg = Debug|Any CPU
		{CD4131DC-4664-4FDE-9072-22AAD258FA75}.Debug|Any CPU.Build.0 = Debug|Any CPU
		{CD4131DC-4664-4FDE-9072-22AAD258FA75}.Debug|x64.ActiveCfg = Debug|x64
		{CD4131DC-4664-4FDE-9072-22AAD258FA75}.Debug|x64.Build.0 = Debug|x64
		{CD4131DC-4664-4FDE-9072-22AAD258FA75}.Debug|x86.ActiveCfg = Debug|Any CPU
		{CD4131DC-4664-4FDE-9072-22AAD258FA75}.Debug|x86.Build.0 = Debug|Any CPU
		{CD4131DC-4664-4FDE-9072-22AAD258FA75}.Release|Any CPU.ActiveCfg = Release|Any CPU
		{CD4131DC-4664-4FDE-9072-22AAD258FA75}.Release|Any CPU.Build.0 = Release|Any CPU
		{CD4131DC-4664-4FDE-9072-22AAD258FA75}.Release|x64.ActiveCfg = Release|x64
		{CD4131DC-4664-4FDE-9072-22AAD258FA75}.Release|x64.Build.0 = Release|x64
		{CD4131DC-4664-4FDE-9072-22AAD258FA75}.Release|x86.ActiveCfg = Release|Any CPU
		{CD4131DC-4664-4FDE-9072-22AAD258FA75}.Release|x86.Build.0 = Release|Any CPU
		{A6193E64-6301-4D02-A698-0E24BBFA2DB0}.Debug|Any CPU.ActiveCfg = Debug|Any CPU
		{A6193E64-6301-4D02-A698-0E24BBFA2DB0}.Debug|Any CPU.Build.0 = Debug|Any CPU
		{A6193E64-6301-4D02-A698-0E24BBFA2DB0}.Debug|x64.ActiveCfg = Debug|x64
		{A6193E64-6301-4D02-A698-0E24BBFA2DB0}.Debug|x64.Build.0 = Debug|x64
		{A6193E64-6301-4D02-A698-0E24BBFA2DB0}.Debug|x86.ActiveCfg = Debug|Any CPU
		{A6193E64-6301-4D02-A698-0E24BBFA2DB0}.Debug|x86.Build.0 = Debug|Any CPU
		{A6193E64-6301-4D02-A698-0E24BBFA2DB0}.Release|Any CPU.ActiveCfg = Release|Any CPU
		{A6193E64-6301-4D02-A698-0E24BBFA2DB0}.Release|Any CPU.Build.0 = Release|Any CPU
		{A6193E64-6301-4D02-A698-0E24BBFA2DB0}.Release|x64.ActiveCfg = Release|x64
		{A6193E64-6301-4D02-A698-0E24BBFA2DB0}.Release|x64.Build.0 = Release|x64
		{A6193E64-6301-4D02-A698-0E24BBFA2DB0}.Release|x86.ActiveCfg = Release|Any CPU
		{A6193E64-6301-4D02-A698-0E24BBFA2DB0}.Release|x86.Build.0 = Release|Any CPU
		{F6ACDC1F-6205-403F-B9B6-0B92D05FD4D9}.Debug|Any CPU.ActiveCfg = Debug|Any CPU
		{F6ACDC1F-6205-403F-B9B6-0B92D05FD4D9}.Debug|Any CPU.Build.0 = Debug|Any CPU
		{F6ACDC1F-6205-403F-B9B6-0B92D05FD4D9}.Debug|x64.ActiveCfg = Debug|x64
		{F6ACDC1F-6205-403F-B9B6-0B92D05FD4D9}.Debug|x64.Build.0 = Debug|x64
		{F6ACDC1F-6205-403F-B9B6-0B92D05FD4D9}.Debug|x86.ActiveCfg = Debug|Any CPU
		{F6ACDC1F-6205-403F-B9B6-0B92D05FD4D9}.Debug|x86.Build.0 = Debug|Any CPU
		{F6ACDC1F-6205-403F-B9B6-0B92D05FD4D9}.Release|Any CPU.ActiveCfg = Release|Any CPU
		{F6ACDC1F-6205-403F-B9B6-0B92D05FD4D9}.Release|Any CPU.Build.0 = Release|Any CPU
		{F6ACDC1F-6205-403F-B9B6-0B92D05FD4D9}.Release|x64.ActiveCfg = Release|x64
		{F6ACDC1F-6205-403F-B9B6-0B92D05FD4D9}.Release|x64.Build.0 = Release|x64
		{F6ACDC1F-6205-403F-B9B6-0B92D05FD4D9}.Release|x86.ActiveCfg = Release|Any CPU
		{F6ACDC1F-6205-403F-B9B6-0B92D05FD4D9}.Release|x86.Build.0 = Release|Any CPU
		{2E6F915D-1F2D-4F96-9D47-30D328E91CBD}.Debug|Any CPU.ActiveCfg = Debug|Any CPU
		{2E6F915D-1F2D-4F96-9D47-30D328E91CBD}.Debug|Any CPU.Build.0 = Debug|Any CPU
		{2E6F915D-1F2D-4F96-9D47-30D328E91CBD}.Debug|x64.ActiveCfg = Debug|x64
		{2E6F915D-1F2D-4F96-9D47-30D328E91CBD}.Debug|x64.Build.0 = Debug|x64
		{2E6F915D-1F2D-4F96-9D47-30D328E91CBD}.Debug|x86.ActiveCfg = Debug|Any CPU
		{2E6F915D-1F2D-4F96-9D47-30D328E91CBD}.Debug|x86.Build.0 = Debug|Any CPU
		{2E6F915D-1F2D-4F96-9D47-30D328E91CBD}.Release|Any CPU.ActiveCfg = Release|Any CPU
		{2E6F915D-1F2D-4F96-9D47-30D328E91CBD}.Release|Any CPU.Build.0 = Release|Any CPU
		{2E6F915D-1F2D-4F96-9D47-30D328E91CBD}.Release|x64.ActiveCfg = Release|x64
		{2E6F915D-1F2D-4F96-9D47-30D328E91CBD}.Release|x64.Build.0 = Release|x64
		{2E6F915D-1F2D-4F96-9D47-30D328E91CBD}.Release|x86.ActiveCfg = Release|Any CPU
		{2E6F915D-1F2D-4F96-9D47-30D328E91CBD}.Release|x86.Build.0 = Release|Any CPU
		{E3341B59-A5B2-4860-8BD5-D980DBB34DA9}.Debug|Any CPU.ActiveCfg = Debug|Any CPU
		{E3341B59-A5B2-4860-8BD5-D980DBB34DA9}.Debug|Any CPU.Build.0 = Debug|Any CPU
		{E3341B59-A5B2-4860-8BD5-D980DBB34DA9}.Debug|x64.ActiveCfg = Debug|x64
		{E3341B59-A5B2-4860-8BD5-D980DBB34DA9}.Debug|x64.Build.0 = Debug|x64
		{E3341B59-A5B2-4860-8BD5-D980DBB34DA9}.Debug|x86.ActiveCfg = Debug|Any CPU
		{E3341B59-A5B2-4860-8BD5-D980DBB34DA9}.Debug|x86.Build.0 = Debug|Any CPU
		{E3341B59-A5B2-4860-8BD5-D980DBB34DA9}.Release|Any CPU.ActiveCfg = Release|Any CPU
		{E3341B59-A5B2-4860-8BD5-D980DBB34DA9}.Release|Any CPU.Build.0 = Release|Any CPU
		{E3341B59-A5B2-4860-8BD5-D980DBB34DA9}.Release|x64.ActiveCfg = Release|x64
		{E3341B59-A5B2-4860-8BD5-D980DBB34DA9}.Release|x64.Build.0 = Release|x64
		{E3341B59-A5B2-4860-8BD5-D980DBB34DA9}.Release|x86.ActiveCfg = Release|Any CPU
		{E3341B59-A5B2-4860-8BD5-D980DBB34DA9}.Release|x86.Build.0 = Release|Any CPU
		{D93D15D4-CB73-483C-BC24-4DCA47C6FC43}.Debug|Any CPU.ActiveCfg = Debug|Any CPU
		{D93D15D4-CB73-483C-BC24-4DCA47C6FC43}.Debug|Any CPU.Build.0 = Debug|Any CPU
		{D93D15D4-CB73-483C-BC24-4DCA47C6FC43}.Debug|x64.ActiveCfg = Debug|x64
		{D93D15D4-CB73-483C-BC24-4DCA47C6FC43}.Debug|x64.Build.0 = Debug|x64
		{D93D15D4-CB73-483C-BC24-4DCA47C6FC43}.Debug|x86.ActiveCfg = Debug|Any CPU
		{D93D15D4-CB73-483C-BC24-4DCA47C6FC43}.Debug|x86.Build.0 = Debug|Any CPU
		{D93D15D4-CB73-483C-BC24-4DCA47C6FC43}.Release|Any CPU.ActiveCfg = Release|Any CPU
		{D93D15D4-CB73-483C-BC24-4DCA47C6FC43}.Release|Any CPU.Build.0 = Release|Any CPU
		{D93D15D4-CB73-483C-BC24-4DCA47C6FC43}.Release|x64.ActiveCfg = Release|x64
		{D93D15D4-CB73-483C-BC24-4DCA47C6FC43}.Release|x64.Build.0 = Release|x64
		{D93D15D4-CB73-483C-BC24-4DCA47C6FC43}.Release|x86.ActiveCfg = Release|Any CPU
		{D93D15D4-CB73-483C-BC24-4DCA47C6FC43}.Release|x86.Build.0 = Release|Any CPU
		{665071EB-19AC-4BA0-B956-2BF529874184}.Debug|Any CPU.ActiveCfg = Debug|Any CPU
		{665071EB-19AC-4BA0-B956-2BF529874184}.Debug|Any CPU.Build.0 = Debug|Any CPU
		{665071EB-19AC-4BA0-B956-2BF529874184}.Debug|x64.ActiveCfg = Debug|x64
		{665071EB-19AC-4BA0-B956-2BF529874184}.Debug|x64.Build.0 = Debug|x64
		{665071EB-19AC-4BA0-B956-2BF529874184}.Debug|x86.ActiveCfg = Debug|Any CPU
		{665071EB-19AC-4BA0-B956-2BF529874184}.Debug|x86.Build.0 = Debug|Any CPU
		{665071EB-19AC-4BA0-B956-2BF529874184}.Release|Any CPU.ActiveCfg = Release|Any CPU
		{665071EB-19AC-4BA0-B956-2BF529874184}.Release|Any CPU.Build.0 = Release|Any CPU
		{665071EB-19AC-4BA0-B956-2BF529874184}.Release|x64.ActiveCfg = Release|x64
		{665071EB-19AC-4BA0-B956-2BF529874184}.Release|x64.Build.0 = Release|x64
		{665071EB-19AC-4BA0-B956-2BF529874184}.Release|x86.ActiveCfg = Release|Any CPU
		{665071EB-19AC-4BA0-B956-2BF529874184}.Release|x86.Build.0 = Release|Any CPU
		{D9F886FB-0984-4540-BA50-2A28BEFE809E}.Debug|Any CPU.ActiveCfg = Debug|Any CPU
		{D9F886FB-0984-4540-BA50-2A28BEFE809E}.Debug|Any CPU.Build.0 = Debug|Any CPU
		{D9F886FB-0984-4540-BA50-2A28BEFE809E}.Debug|x64.ActiveCfg = Debug|x64
		{D9F886FB-0984-4540-BA50-2A28BEFE809E}.Debug|x64.Build.0 = Debug|x64
		{D9F886FB-0984-4540-BA50-2A28BEFE809E}.Debug|x86.ActiveCfg = Debug|Any CPU
		{D9F886FB-0984-4540-BA50-2A28BEFE809E}.Debug|x86.Build.0 = Debug|Any CPU
		{D9F886FB-0984-4540-BA50-2A28BEFE809E}.Release|Any CPU.ActiveCfg = Release|Any CPU
		{D9F886FB-0984-4540-BA50-2A28BEFE809E}.Release|Any CPU.Build.0 = Release|Any CPU
		{D9F886FB-0984-4540-BA50-2A28BEFE809E}.Release|x64.ActiveCfg = Release|x64
		{D9F886FB-0984-4540-BA50-2A28BEFE809E}.Release|x64.Build.0 = Release|x64
		{D9F886FB-0984-4540-BA50-2A28BEFE809E}.Release|x86.ActiveCfg = Release|Any CPU
		{D9F886FB-0984-4540-BA50-2A28BEFE809E}.Release|x86.Build.0 = Release|Any CPU
		{2BD866B7-7004-4E4F-9E20-96B132813419}.Debug|Any CPU.ActiveCfg = Debug|Any CPU
		{2BD866B7-7004-4E4F-9E20-96B132813419}.Debug|Any CPU.Build.0 = Debug|Any CPU
		{2BD866B7-7004-4E4F-9E20-96B132813419}.Debug|x64.ActiveCfg = Debug|x64
		{2BD866B7-7004-4E4F-9E20-96B132813419}.Debug|x64.Build.0 = Debug|x64
		{2BD866B7-7004-4E4F-9E20-96B132813419}.Debug|x86.ActiveCfg = Debug|Any CPU
		{2BD866B7-7004-4E4F-9E20-96B132813419}.Debug|x86.Build.0 = Debug|Any CPU
		{2BD866B7-7004-4E4F-9E20-96B132813419}.Release|Any CPU.ActiveCfg = Release|Any CPU
		{2BD866B7-7004-4E4F-9E20-96B132813419}.Release|Any CPU.Build.0 = Release|Any CPU
		{2BD866B7-7004-4E4F-9E20-96B132813419}.Release|x64.ActiveCfg = Release|x64
		{2BD866B7-7004-4E4F-9E20-96B132813419}.Release|x64.Build.0 = Release|x64
		{2BD866B7-7004-4E4F-9E20-96B132813419}.Release|x86.ActiveCfg = Release|Any CPU
		{2BD866B7-7004-4E4F-9E20-96B132813419}.Release|x86.Build.0 = Release|Any CPU
		{7D1A2D12-BBB2-43E1-9DB8-FFCAB763C13E}.Debug|Any CPU.ActiveCfg = Debug|Any CPU
		{7D1A2D12-BBB2-43E1-9DB8-FFCAB763C13E}.Debug|Any CPU.Build.0 = Debug|Any CPU
		{7D1A2D12-BBB2-43E1-9DB8-FFCAB763C13E}.Debug|x64.ActiveCfg = Debug|x64
		{7D1A2D12-BBB2-43E1-9DB8-FFCAB763C13E}.Debug|x64.Build.0 = Debug|x64
		{7D1A2D12-BBB2-43E1-9DB8-FFCAB763C13E}.Debug|x86.ActiveCfg = Debug|Any CPU
		{7D1A2D12-BBB2-43E1-9DB8-FFCAB763C13E}.Debug|x86.Build.0 = Debug|Any CPU
		{7D1A2D12-BBB2-43E1-9DB8-FFCAB763C13E}.Release|Any CPU.ActiveCfg = Release|Any CPU
		{7D1A2D12-BBB2-43E1-9DB8-FFCAB763C13E}.Release|Any CPU.Build.0 = Release|Any CPU
		{7D1A2D12-BBB2-43E1-9DB8-FFCAB763C13E}.Release|x64.ActiveCfg = Release|x64
		{7D1A2D12-BBB2-43E1-9DB8-FFCAB763C13E}.Release|x64.Build.0 = Release|x64
		{7D1A2D12-BBB2-43E1-9DB8-FFCAB763C13E}.Release|x86.ActiveCfg = Release|Any CPU
		{7D1A2D12-BBB2-43E1-9DB8-FFCAB763C13E}.Release|x86.Build.0 = Release|Any CPU
		{96D943D0-13DE-4284-9C92-542C914773A9}.Debug|Any CPU.ActiveCfg = Debug|Any CPU
		{96D943D0-13DE-4284-9C92-542C914773A9}.Debug|Any CPU.Build.0 = Debug|Any CPU
		{96D943D0-13DE-4284-9C92-542C914773A9}.Debug|x64.ActiveCfg = Debug|x64
		{96D943D0-13DE-4284-9C92-542C914773A9}.Debug|x64.Build.0 = Debug|x64
		{96D943D0-13DE-4284-9C92-542C914773A9}.Debug|x86.ActiveCfg = Debug|Any CPU
		{96D943D0-13DE-4284-9C92-542C914773A9}.Debug|x86.Build.0 = Debug|Any CPU
		{96D943D0-13DE-4284-9C92-542C914773A9}.Release|Any CPU.ActiveCfg = Release|Any CPU
		{96D943D0-13DE-4284-9C92-542C914773A9}.Release|Any CPU.Build.0 = Release|Any CPU
		{96D943D0-13DE-4284-9C92-542C914773A9}.Release|x64.ActiveCfg = Release|x64
		{96D943D0-13DE-4284-9C92-542C914773A9}.Release|x64.Build.0 = Release|x64
		{96D943D0-13DE-4284-9C92-542C914773A9}.Release|x86.ActiveCfg = Release|Any CPU
		{96D943D0-13DE-4284-9C92-542C914773A9}.Release|x86.Build.0 = Release|Any CPU
		{9C37987C-3CC5-4816-B77F-4DD7217C7901}.Debug|Any CPU.ActiveCfg = Debug|Any CPU
		{9C37987C-3CC5-4816-B77F-4DD7217C7901}.Debug|Any CPU.Build.0 = Debug|Any CPU
		{9C37987C-3CC5-4816-B77F-4DD7217C7901}.Debug|x64.ActiveCfg = Debug|x64
		{9C37987C-3CC5-4816-B77F-4DD7217C7901}.Debug|x64.Build.0 = Debug|x64
		{9C37987C-3CC5-4816-B77F-4DD7217C7901}.Debug|x86.ActiveCfg = Debug|Any CPU
		{9C37987C-3CC5-4816-B77F-4DD7217C7901}.Debug|x86.Build.0 = Debug|Any CPU
		{9C37987C-3CC5-4816-B77F-4DD7217C7901}.Release|Any CPU.ActiveCfg = Release|Any CPU
		{9C37987C-3CC5-4816-B77F-4DD7217C7901}.Release|Any CPU.Build.0 = Release|Any CPU
		{9C37987C-3CC5-4816-B77F-4DD7217C7901}.Release|x64.ActiveCfg = Release|x64
		{9C37987C-3CC5-4816-B77F-4DD7217C7901}.Release|x64.Build.0 = Release|x64
		{9C37987C-3CC5-4816-B77F-4DD7217C7901}.Release|x86.ActiveCfg = Release|Any CPU
		{9C37987C-3CC5-4816-B77F-4DD7217C7901}.Release|x86.Build.0 = Release|Any CPU
		{6FA8E62C-3F10-4A58-9FCB-D2E91F399553}.Debug|Any CPU.ActiveCfg = Debug|Any CPU
		{6FA8E62C-3F10-4A58-9FCB-D2E91F399553}.Debug|Any CPU.Build.0 = Debug|Any CPU
		{6FA8E62C-3F10-4A58-9FCB-D2E91F399553}.Debug|x64.ActiveCfg = Debug|Any CPU
		{6FA8E62C-3F10-4A58-9FCB-D2E91F399553}.Debug|x64.Build.0 = Debug|Any CPU
		{6FA8E62C-3F10-4A58-9FCB-D2E91F399553}.Debug|x86.ActiveCfg = Debug|Any CPU
		{6FA8E62C-3F10-4A58-9FCB-D2E91F399553}.Debug|x86.Build.0 = Debug|Any CPU
		{6FA8E62C-3F10-4A58-9FCB-D2E91F399553}.Release|Any CPU.ActiveCfg = Release|Any CPU
		{6FA8E62C-3F10-4A58-9FCB-D2E91F399553}.Release|Any CPU.Build.0 = Release|Any CPU
		{6FA8E62C-3F10-4A58-9FCB-D2E91F399553}.Release|x64.ActiveCfg = Release|Any CPU
		{6FA8E62C-3F10-4A58-9FCB-D2E91F399553}.Release|x64.Build.0 = Release|Any CPU
		{6FA8E62C-3F10-4A58-9FCB-D2E91F399553}.Release|x86.ActiveCfg = Release|Any CPU
		{6FA8E62C-3F10-4A58-9FCB-D2E91F399553}.Release|x86.Build.0 = Release|Any CPU
		{C863A3D9-8F96-4FE8-AD1F-5EB23D359949}.Debug|Any CPU.ActiveCfg = Debug|Any CPU
		{C863A3D9-8F96-4FE8-AD1F-5EB23D359949}.Debug|Any CPU.Build.0 = Debug|Any CPU
		{C863A3D9-8F96-4FE8-AD1F-5EB23D359949}.Debug|x64.ActiveCfg = Debug|Any CPU
		{C863A3D9-8F96-4FE8-AD1F-5EB23D359949}.Debug|x64.Build.0 = Debug|Any CPU
		{C863A3D9-8F96-4FE8-AD1F-5EB23D359949}.Debug|x86.ActiveCfg = Debug|Any CPU
		{C863A3D9-8F96-4FE8-AD1F-5EB23D359949}.Debug|x86.Build.0 = Debug|Any CPU
		{C863A3D9-8F96-4FE8-AD1F-5EB23D359949}.Release|Any CPU.ActiveCfg = Release|Any CPU
		{C863A3D9-8F96-4FE8-AD1F-5EB23D359949}.Release|Any CPU.Build.0 = Release|Any CPU
		{C863A3D9-8F96-4FE8-AD1F-5EB23D359949}.Release|x64.ActiveCfg = Release|Any CPU
		{C863A3D9-8F96-4FE8-AD1F-5EB23D359949}.Release|x64.Build.0 = Release|Any CPU
		{C863A3D9-8F96-4FE8-AD1F-5EB23D359949}.Release|x86.ActiveCfg = Release|Any CPU
		{C863A3D9-8F96-4FE8-AD1F-5EB23D359949}.Release|x86.Build.0 = Release|Any CPU
	EndGlobalSection
	GlobalSection(SolutionProperties) = preSolution
		HideSolutionNode = FALSE
	EndGlobalSection
EndGlobal
